
Microsoft Visual Studio Solution File, Format Version 12.00
# Visual Studio Version 17
VisualStudioVersion = 17.10.35027.167
MinimumVisualStudioVersion = 10.0.40219.1
Project("{FAE04EC0-301F-11D3-BF4B-00C04F79EFBC}") = "KvHostLinkTest", "KvHostLinkTest\KvHostLinkTest.csproj", "{C0D82B1A-1F46-4CC5-A723-61E7222F46CC}"
EndProject
Global
	GlobalSection(SolutionConfigurationPlatforms) = preSolution
		Debug|Any CPU = Debug|Any CPU
		Release|Any CPU = Release|Any CPU
	EndGlobalSection
	GlobalSection(ProjectConfigurationPlatforms) = postSolution
		{C0D82B1A-1F46-4CC5-A723-61E7222F46CC}.Debug|Any CPU.ActiveCfg = Debug|Any CPU
		{C0D82B1A-1F46-4CC5-A723-61E7222F46CC}.Debug|Any CPU.Build.0 = Debug|Any CPU
		{C0D82B1A-1F46-4CC5-A723-61E7222F46CC}.Release|Any CPU.ActiveCfg = Release|Any CPU
		{C0D82B1A-1F46-4CC5-A723-61E7222F46CC}.Release|Any CPU.Build.0 = Release|Any CPU
	EndGlobalSection
	GlobalSection(SolutionProperties) = preSolution
		HideSolutionNode = FALSE
	EndGlobalSection
	GlobalSection(ExtensibilityGlobals) = postSolution
		SolutionGuid = {37DBEFED-EF65-4F7E-8308-9E2EAB09F1D1}
	EndGlobalSection
EndGlobal
